
Microsoft Visual Studio Solution File, Format Version 12.00
# Visual Studio Version 17
VisualStudioVersion = 17.11.35431.28
MinimumVisualStudioVersion = 10.0.40219.1
Project("{FAE04EC0-301F-11D3-BF4B-00C04F79EFBC}") = "VeXemPhim", "VeXemPhim\VeXemPhim.csproj", "{A1BA7E3A-9708-4697-8E6B-42E1791EB6FA}"
EndProject
Global
	GlobalSection(SolutionConfigurationPlatforms) = preSolution
		Debug|Any CPU = Debug|Any CPU
		Release|Any CPU = Release|Any CPU
	EndGlobalSection
	GlobalSection(ProjectConfigurationPlatforms) = postSolution
		{A1BA7E3A-9708-4697-8E6B-42E1791EB6FA}.Debug|Any CPU.ActiveCfg = Debug|Any CPU
		{A1BA7E3A-9708-4697-8E6B-42E1791EB6FA}.Debug|Any CPU.Build.0 = Debug|Any CPU
		{A1BA7E3A-9708-4697-8E6B-42E1791EB6FA}.Release|Any CPU.ActiveCfg = Release|Any CPU
		{A1BA7E3A-9708-4697-8E6B-42E1791EB6FA}.Release|Any CPU.Build.0 = Release|Any CPU
	EndGlobalSection
	GlobalSection(SolutionProperties) = preSolution
		HideSolutionNode = FALSE
	EndGlobalSection
	GlobalSection(ExtensibilityGlobals) = postSolution
		SolutionGuid = {B4F98B22-A9C1-45CC-814C-00939322431C}
	EndGlobalSection
EndGlobal
